
Microsoft Visual Studio Solution File, Format Version 12.00
# Visual Studio Version 17
VisualStudioVersion = 17.3.32825.248
MinimumVisualStudioVersion = 10.0.40219.1
Project("{FAE04EC0-301F-11D3-BF4B-00C04F79EFBC}") = "W1-E9", "W1-E9.csproj", "{C88DCE9C-F1C6-43C2-9857-9C4FF5131C40}"
EndProject
Global
	GlobalSection(SolutionConfigurationPlatforms) = preSolution
		Debug|Any CPU = Debug|Any CPU
		Release|Any CPU = Release|Any CPU
	EndGlobalSection
	GlobalSection(ProjectConfigurationPlatforms) = postSolution
		{C88DCE9C-F1C6-43C2-9857-9C4FF5131C40}.Debug|Any CPU.ActiveCfg = Debug|Any CPU
		{C88DCE9C-F1C6-43C2-9857-9C4FF5131C40}.Debug|Any CPU.Build.0 = Debug|Any CPU
		{C88DCE9C-F1C6-43C2-9857-9C4FF5131C40}.Release|Any CPU.ActiveCfg = Release|Any CPU
		{C88DCE9C-F1C6-43C2-9857-9C4FF5131C40}.Release|Any CPU.Build.0 = Release|Any CPU
	EndGlobalSection
	GlobalSection(SolutionProperties) = preSolution
		HideSolutionNode = FALSE
	EndGlobalSection
	GlobalSection(ExtensibilityGlobals) = postSolution
		SolutionGuid = {7F4C019E-54F6-4594-9694-4979DA95B389}
	EndGlobalSection
EndGlobal
